
Microsoft Visual Studio Solution File, Format Version 12.00
# Visual Studio Version 17
VisualStudioVersion = 17.0.31611.283
MinimumVisualStudioVersion = 10.0.40219.1
Project("{9A19103F-16F7-4668-BE54-9A1E7A4F7556}") = "Goat.View", "Goat.View\Goat.View.csproj", "{4B0B827D-D130-4839-A140-10F84D372D0D}"
EndProject
Project("{9A19103F-16F7-4668-BE54-9A1E7A4F7556}") = "Goat.Domain", "Goat.Domain\Goat.Domain.csproj", "{F576F6F9-0270-450D-8B0E-EB74A8017440}"
EndProject
Project("{9A19103F-16F7-4668-BE54-9A1E7A4F7556}") = "Goat.EventEngine", "EventEngine\Goat.EventEngine.csproj", "{BD218E5C-301B-4B52-9C33-1CCDA5767FE9}"
EndProject
Project("{9A19103F-16F7-4668-BE54-9A1E7A4F7556}") = "Goat.Application", "Goat.Application\Goat.Application.csproj", "{C24AD5C4-8BC6-4E42-B616-C0F563E26170}"
EndProject
Project("{FAE04EC0-301F-11D3-BF4B-00C04F79EFBC}") = "Goat.Common", "Goat.Common\Goat.Common.csproj", "{CA0C6176-67F7-4779-9563-12F0056345F3}"
EndProject
Global
	GlobalSection(SolutionConfigurationPlatforms) = preSolution
		Debug|Any CPU = Debug|Any CPU
		Release|Any CPU = Release|Any CPU
	EndGlobalSection
	GlobalSection(ProjectConfigurationPlatforms) = postSolution
		{4B0B827D-D130-4839-A140-10F84D372D0D}.Debug|Any CPU.ActiveCfg = Debug|Any CPU
		{4B0B827D-D130-4839-A140-10F84D372D0D}.Debug|Any CPU.Build.0 = Debug|Any CPU
		{4B0B827D-D130-4839-A140-10F84D372D0D}.Debug|Any CPU.Deploy.0 = Debug|Any CPU
		{4B0B827D-D130-4839-A140-10F84D372D0D}.Release|Any CPU.ActiveCfg = Release|Any CPU
		{4B0B827D-D130-4839-A140-10F84D372D0D}.Release|Any CPU.Build.0 = Release|Any CPU
		{4B0B827D-D130-4839-A140-10F84D372D0D}.Release|Any CPU.Deploy.0 = Release|Any CPU
		{F576F6F9-0270-450D-8B0E-EB74A8017440}.Debug|Any CPU.ActiveCfg = Debug|Any CPU
		{F576F6F9-0270-450D-8B0E-EB74A8017440}.Debug|Any CPU.Build.0 = Debug|Any CPU
		{F576F6F9-0270-450D-8B0E-EB74A8017440}.Release|Any CPU.ActiveCfg = Release|Any CPU
		{F576F6F9-0270-450D-8B0E-EB74A8017440}.Release|Any CPU.Build.0 = Release|Any CPU
		{BD218E5C-301B-4B52-9C33-1CCDA5767FE9}.Debug|Any CPU.ActiveCfg = Debug|Any CPU
		{BD218E5C-301B-4B52-9C33-1CCDA5767FE9}.Debug|Any CPU.Build.0 = Debug|Any CPU
		{BD218E5C-301B-4B52-9C33-1CCDA5767FE9}.Release|Any CPU.ActiveCfg = Release|Any CPU
		{BD218E5C-301B-4B52-9C33-1CCDA5767FE9}.Release|Any CPU.Build.0 = Release|Any CPU
		{C24AD5C4-8BC6-4E42-B616-C0F563E26170}.Debug|Any CPU.ActiveCfg = Debug|Any CPU
		{C24AD5C4-8BC6-4E42-B616-C0F563E26170}.Debug|Any CPU.Build.0 = Debug|Any CPU
		{C24AD5C4-8BC6-4E42-B616-C0F563E26170}.Release|Any CPU.ActiveCfg = Release|Any CPU
		{C24AD5C4-8BC6-4E42-B616-C0F563E26170}.Release|Any CPU.Build.0 = Release|Any CPU
		{CA0C6176-67F7-4779-9563-12F0056345F3}.Debug|Any CPU.ActiveCfg = Debug|Any CPU
		{CA0C6176-67F7-4779-9563-12F0056345F3}.Debug|Any CPU.Build.0 = Debug|Any CPU
		{CA0C6176-67F7-4779-9563-12F0056345F3}.Release|Any CPU.ActiveCfg = Release|Any CPU
		{CA0C6176-67F7-4779-9563-12F0056345F3}.Release|Any CPU.Build.0 = Release|Any CPU
	EndGlobalSection
	GlobalSection(SolutionProperties) = preSolution
		HideSolutionNode = FALSE
	EndGlobalSection
	GlobalSection(ExtensibilityGlobals) = postSolution
		SolutionGuid = {61F7FB11-1E47-470C-91E2-47F8143E1572}
	EndGlobalSection
EndGlobal
